PODS:
  - Alamofire (4.9.1)
  - PINCHNetwork/Alamofire (0.5.2):
    - Alamofire (~> 4.7)
    - PINCHNetwork/Core
  - PINCHNetwork/Core (0.5.2)

DEPENDENCIES:
  - PINCHNetwork/Alamofire
  - PINCHNetwork/Core

SPEC REPOS:
  "git@bitbucket.org:justpinch/podspecs.git":
    - PINCHNetwork
  trunk:
    - Alamofire

SPEC CHECKSUMS:
  Alamofire: 85e8a02c69d6020a0d734f6054870d7ecb75cf18
  PINCHNetwork: 6f54e5da37055c001618cd2b62b297dbd5361eb2

PODFILE CHECKSUM: a2b0443cbf6c0abe8fe358ad9f01d6958a1117b9

COCOAPODS: 1.11.2
