// !$*UTF8*$!
{
	archiveVersion = 1;
	classes = {
	};
	objectVersion = 55;
	objects = {

/* Begin PBXBuildFile section */
		9924197135BF47BDD4CAF1A9 /* libPods-Rijks Demo-Rijks DemoUITests.a in Frameworks */ = {isa = PBXBuildFile; fileRef = E23FF1ED7BF11763008F8747 /* libPods-Rijks Demo-Rijks DemoUITests.a */; };
		C0B8EACEF99812DFDF72F2A3 /* libPods-Rijks DemoTests.a in Frameworks */ = {isa = PBXBuildFile; fileRef = C3AFC7819E7A9E56D967DA52 /* libPods-Rijks DemoTests.a */; };
		CC64279827DCAFB700EF9DD3 /* RijksCollection.swift in Sources */ = {isa = PBXBuildFile; fileRef = CC64279727DCAFB700EF9DD3 /* RijksCollection.swift */; };
		CC64279A27DCB09E00EF9DD3 /* RijksImage.swift in Sources */ = {isa = PBXBuildFile; fileRef = CC64279927DCB09E00EF9DD3 /* RijksImage.swift */; };
		CC64279C27DCB0B700EF9DD3 /* RijksMaker.swift in Sources */ = {isa = PBXBuildFile; fileRef = CC64279B27DCB0B700EF9DD3 /* RijksMaker.swift */; };
		CC64279E27DCB11400EF9DD3 /* RijksCollectionArtObject.swift in Sources */ = {isa = PBXBuildFile; fileRef = CC64279D27DCB11400EF9DD3 /* RijksCollectionArtObject.swift */; };
		CC6427A227DCB16300EF9DD3 /* RijksCollectionArtObjectResponse.swift in Sources */ = {isa = PBXBuildFile; fileRef = CC6427A127DCB16300EF9DD3 /* RijksCollectionArtObjectResponse.swift */; };
		CC6427A427DCB17E00EF9DD3 /* RijksLinksResponse.swift in Sources */ = {isa = PBXBuildFile; fileRef = CC6427A327DCB17E00EF9DD3 /* RijksLinksResponse.swift */; };
		CC6427D427DCBA9A00EF9DD3 /* RijksCollectionViewLayout.swift in Sources */ = {isa = PBXBuildFile; fileRef = CC6427D327DCBA9A00EF9DD3 /* RijksCollectionViewLayout.swift */; };
		CC6427DB27DCBD9600EF9DD3 /* RijksCollectionViewCell.swift in Sources */ = {isa = PBXBuildFile; fileRef = CC6427DA27DCBD9600EF9DD3 /* RijksCollectionViewCell.swift */; };
		CC64283D27DCD71200EF9DD3 /* UIImageView+ImageLoading.swift in Sources */ = {isa = PBXBuildFile; fileRef = CC64283C27DCD71200EF9DD3 /* UIImageView+ImageLoading.swift */; };
		CC64286D27DCE1B600EF9DD3 /* RijksCollectionViewAdapter.swift in Sources */ = {isa = PBXBuildFile; fileRef = CC64286C27DCE1B600EF9DD3 /* RijksCollectionViewAdapter.swift */; };
		CC64289D27DCE5A000EF9DD3 /* RijksCollectionReusableView.swift in Sources */ = {isa = PBXBuildFile; fileRef = CC64289C27DCE5A000EF9DD3 /* RijksCollectionReusableView.swift */; };
		CC64289F27DCEB0300EF9DD3 /* RijksCollectionSection.swift in Sources */ = {isa = PBXBuildFile; fileRef = CC64289E27DCEB0300EF9DD3 /* RijksCollectionSection.swift */; };
		CC6428CF27DD0E5D00EF9DD3 /* RijksDetailViewModel.swift in Sources */ = {isa = PBXBuildFile; fileRef = CC6428CE27DD0E5D00EF9DD3 /* RijksDetailViewModel.swift */; };
		CC6428D127DD0E7600EF9DD3 /* RijksDetailViewController.swift in Sources */ = {isa = PBXBuildFile; fileRef = CC6428D027DD0E7600EF9DD3 /* RijksDetailViewController.swift */; };
		CC7B844527DDFC1900054AEB /* RijksDetailArtObjectResponse.swift in Sources */ = {isa = PBXBuildFile; fileRef = CC7B844427DDFC1900054AEB /* RijksDetailArtObjectResponse.swift */; };
		CCB40B2727DB43BE000E4163 /* RijksEnvironment.swift in Sources */ = {isa = PBXBuildFile; fileRef = CCB40B2627DB43BE000E4163 /* RijksEnvironment.swift */; };
		CCB40B2B27DB46AE000E4163 /* RijksRoute.swift in Sources */ = {isa = PBXBuildFile; fileRef = CCB40B2A27DB46AE000E4163 /* RijksRoute.swift */; };
		CCB40B2D27DB4AAF000E4163 /* RijksCollectionResponse.swift in Sources */ = {isa = PBXBuildFile; fileRef = CCB40B2C27DB4AAF000E4163 /* RijksCollectionResponse.swift */; };
		CCB40B2F27DB56AD000E4163 /* RijksDetailResponse.swift in Sources */ = {isa = PBXBuildFile; fileRef = CCB40B2E27DB56AD000E4163 /* RijksDetailResponse.swift */; };
		CCB40B3127DB57F8000E4163 /* RijksImageResponse.swift in Sources */ = {isa = PBXBuildFile; fileRef = CCB40B3027DB57F8000E4163 /* RijksImageResponse.swift */; };
		CCB40B3327DB5968000E4163 /* RijksMakerResponse.swift in Sources */ = {isa = PBXBuildFile; fileRef = CCB40B3227DB5968000E4163 /* RijksMakerResponse.swift */; };
		CCB40B3727DB5E04000E4163 /* RijksRepository.swift in Sources */ = {isa = PBXBuildFile; fileRef = CCB40B3627DB5E04000E4163 /* RijksRepository.swift */; };
		CCB40B3927DB6D63000E4163 /* RijksCollectionViewModel.swift in Sources */ = {isa = PBXBuildFile; fileRef = CCB40B3827DB6D63000E4163 /* RijksCollectionViewModel.swift */; };
		CCB40B3B27DB75D3000E4163 /* RijksCollectionViewController.swift in Sources */ = {isa = PBXBuildFile; fileRef = CCB40B3A27DB75D3000E4163 /* RijksCollectionViewController.swift */; };
		CCB40B3E27DB8341000E4163 /* NetworkEnvironment.swift in Sources */ = {isa = PBXBuildFile; fileRef = CCB40B3D27DB8341000E4163 /* NetworkEnvironment.swift */; };
		CCB40B4027DB8370000E4163 /* NetworkRoute.swift in Sources */ = {isa = PBXBuildFile; fileRef = CCB40B3F27DB8370000E4163 /* NetworkRoute.swift */; };
		CCB40B4227DB850E000E4163 /* NetworkError.swift in Sources */ = {isa = PBXBuildFile; fileRef = CCB40B4127DB850E000E4163 /* NetworkError.swift */; };
		CCB40B4427DB873F000E4163 /* NetworkService.swift in Sources */ = {isa = PBXBuildFile; fileRef = CCB40B4327DB873F000E4163 /* NetworkService.swift */; };
		CCD9B87E27DE0C38003CE021 /* RijksDetailArtObject.swift in Sources */ = {isa = PBXBuildFile; fileRef = CCD9B87D27DE0C38003CE021 /* RijksDetailArtObject.swift */; };
		CCDE4C6B27DA01B900D20F2D /* AppDelegate.swift in Sources */ = {isa = PBXBuildFile; fileRef = CCDE4C6A27DA01B900D20F2D /* AppDelegate.swift */; };
		CCDE4C7427DA01BB00D20F2D /* Assets.xcassets in Resources */ = {isa = PBXBuildFile; fileRef = CCDE4C7327DA01BB00D20F2D /* Assets.xcassets */; };
		CCDE4C7727DA01BB00D20F2D /* LaunchScreen.storyboard in Resources */ = {isa = PBXBuildFile; fileRef = CCDE4C7527DA01BB00D20F2D /* LaunchScreen.storyboard */; };
		CCDE4C8227DA01BB00D20F2D /* Rijks_DemoTests.swift in Sources */ = {isa = PBXBuildFile; fileRef = CCDE4C8127DA01BB00D20F2D /* Rijks_DemoTests.swift */; };
		CCDE4C8C27DA01BB00D20F2D /* Rijks_DemoUITests.swift in Sources */ = {isa = PBXBuildFile; fileRef = CCDE4C8B27DA01BB00D20F2D /* Rijks_DemoUITests.swift */; };
		CCDE4C8E27DA01BB00D20F2D /* Rijks_DemoUITestsLaunchTests.swift in Sources */ = {isa = PBXBuildFile; fileRef = CCDE4C8D27DA01BB00D20F2D /* Rijks_DemoUITestsLaunchTests.swift */; };
		CCDE4C9B27DA189C00D20F2D /* AppController.swift in Sources */ = {isa = PBXBuildFile; fileRef = CCDE4C9A27DA189C00D20F2D /* AppController.swift */; };
		D7F9C2D30A2AE1592E93E5C6 /* libPods-Rijks Demo.a in Frameworks */ = {isa = PBXBuildFile; fileRef = 901A2A1968F7C59CA204B91A /* libPods-Rijks Demo.a */; };
/* End PBXBuildFile section */

/* Begin PBXContainerItemProxy section */
		CCDE4C7E27DA01BB00D20F2D /* PBXContainerItemProxy */ = {
			isa = PBXContainerItemProxy;
			containerPortal = CCDE4C5F27DA01B900D20F2D /* Project object */;
			proxyType = 1;
			remoteGlobalIDString = CCDE4C6627DA01B900D20F2D;
			remoteInfo = "Rijks Demo";
		};
		CCDE4C8827DA01BB00D20F2D /* PBXContainerItemProxy */ = {
			isa = PBXContainerItemProxy;
			containerPortal = CCDE4C5F27DA01B900D20F2D /* Project object */;
			proxyType = 1;
			remoteGlobalIDString = CCDE4C6627DA01B900D20F2D;
			remoteInfo = "Rijks Demo";
		};
/* End PBXContainerItemProxy section */

/* Begin PBXFileReference section */
		2D89B055DA3EAA27DAE018D6 /* Pods-Rijks DemoTests.debug.xcconfig */ = {isa = PBXFileReference; includeInIndex = 1; lastKnownFileType = text.xcconfig; name = "Pods-Rijks DemoTests.debug.xcconfig"; path = "Target Support Files/Pods-Rijks DemoTests/Pods-Rijks DemoTests.debug.xcconfig"; sourceTree = "<group>"; };
		3C3846F34B989F072BF0872E /* Pods-Rijks Demo.debug.xcconfig */ = {isa = PBXFileReference; includeInIndex = 1; lastKnownFileType = text.xcconfig; name = "Pods-Rijks Demo.debug.xcconfig"; path = "Target Support Files/Pods-Rijks Demo/Pods-Rijks Demo.debug.xcconfig"; sourceTree = "<group>"; };
		5B7F182E309791294C6B82CA /* Pods-Rijks Demo.release.xcconfig */ = {isa = PBXFileReference; includeInIndex = 1; lastKnownFileType = text.xcconfig; name = "Pods-Rijks Demo.release.xcconfig"; path = "Target Support Files/Pods-Rijks Demo/Pods-Rijks Demo.release.xcconfig"; sourceTree = "<group>"; };
		8A6868DE6489DD1C8DB18913 /* Pods-Rijks DemoTests.release.xcconfig */ = {isa = PBXFileReference; includeInIndex = 1; lastKnownFileType = text.xcconfig; name = "Pods-Rijks DemoTests.release.xcconfig"; path = "Target Support Files/Pods-Rijks DemoTests/Pods-Rijks DemoTests.release.xcconfig"; sourceTree = "<group>"; };
		901A2A1968F7C59CA204B91A /* libPods-Rijks Demo.a */ = {isa = PBXFileReference; explicitFileType = archive.ar; includeInIndex = 0; path = "libPods-Rijks Demo.a"; sourceTree = BUILT_PRODUCTS_DIR; };
		A9442CEEABCF6D57CAEC7821 /* Pods-Rijks Demo-Rijks DemoUITests.debug.xcconfig */ = {isa = PBXFileReference; includeInIndex = 1; lastKnownFileType = text.xcconfig; name = "Pods-Rijks Demo-Rijks DemoUITests.debug.xcconfig"; path = "Target Support Files/Pods-Rijks Demo-Rijks DemoUITests/Pods-Rijks Demo-Rijks DemoUITests.debug.xcconfig"; sourceTree = "<group>"; };
		C3AFC7819E7A9E56D967DA52 /* libPods-Rijks DemoTests.a */ = {isa = PBXFileReference; explicitFileType = archive.ar; includeInIndex = 0; path = "libPods-Rijks DemoTests.a"; sourceTree = BUILT_PRODUCTS_DIR; };
		CC64279727DCAFB700EF9DD3 /* RijksCollection.swift */ = {isa = PBXFileReference; lastKnownFileType = sourcecode.swift; path = RijksCollection.swift; sourceTree = "<group>"; };
		CC64279927DCB09E00EF9DD3 /* RijksImage.swift */ = {isa = PBXFileReference; lastKnownFileType = sourcecode.swift; path = RijksImage.swift; sourceTree = "<group>"; };
		CC64279B27DCB0B700EF9DD3 /* RijksMaker.swift */ = {isa = PBXFileReference; lastKnownFileType = sourcecode.swift; path = RijksMaker.swift; sourceTree = "<group>"; };
		CC64279D27DCB11400EF9DD3 /* RijksCollectionArtObject.swift */ = {isa = PBXFileReference; lastKnownFileType = sourcecode.swift; path = RijksCollectionArtObject.swift; sourceTree = "<group>"; };
		CC6427A127DCB16300EF9DD3 /* RijksCollectionArtObjectResponse.swift */ = {isa = PBXFileReference; lastKnownFileType = sourcecode.swift; path = RijksCollectionArtObjectResponse.swift; sourceTree = "<group>"; };
		CC6427A327DCB17E00EF9DD3 /* RijksLinksResponse.swift */ = {isa = PBXFileReference; lastKnownFileType = sourcecode.swift; path = RijksLinksResponse.swift; sourceTree = "<group>"; };
		CC6427D327DCBA9A00EF9DD3 /* RijksCollectionViewLayout.swift */ = {isa = PBXFileReference; lastKnownFileType = sourcecode.swift; path = RijksCollectionViewLayout.swift; sourceTree = "<group>"; };
		CC6427DA27DCBD9600EF9DD3 /* RijksCollectionViewCell.swift */ = {isa = PBXFileReference; lastKnownFileType = sourcecode.swift; path = RijksCollectionViewCell.swift; sourceTree = "<group>"; };
		CC64283C27DCD71200EF9DD3 /* UIImageView+ImageLoading.swift */ = {isa = PBXFileReference; lastKnownFileType = sourcecode.swift; path = "UIImageView+ImageLoading.swift"; sourceTree = "<group>"; };
		CC64286C27DCE1B600EF9DD3 /* RijksCollectionViewAdapter.swift */ = {isa = PBXFileReference; lastKnownFileType = sourcecode.swift; path = RijksCollectionViewAdapter.swift; sourceTree = "<group>"; };
		CC64289C27DCE5A000EF9DD3 /* RijksCollectionReusableView.swift */ = {isa = PBXFileReference; lastKnownFileType = sourcecode.swift; path = RijksCollectionReusableView.swift; sourceTree = "<group>"; };
		CC64289E27DCEB0300EF9DD3 /* RijksCollectionSection.swift */ = {isa = PBXFileReference; lastKnownFileType = sourcecode.swift; path = RijksCollectionSection.swift; sourceTree = "<group>"; };
		CC6428CE27DD0E5D00EF9DD3 /* RijksDetailViewModel.swift */ = {isa = PBXFileReference; lastKnownFileType = sourcecode.swift; path = RijksDetailViewModel.swift; sourceTree = "<group>"; };
		CC6428D027DD0E7600EF9DD3 /* RijksDetailViewController.swift */ = {isa = PBXFileReference; lastKnownFileType = sourcecode.swift; path = RijksDetailViewController.swift; sourceTree = "<group>"; };
		CC7B844427DDFC1900054AEB /* RijksDetailArtObjectResponse.swift */ = {isa = PBXFileReference; lastKnownFileType = sourcecode.swift; path = RijksDetailArtObjectResponse.swift; sourceTree = "<group>"; };
		CCB40B2627DB43BE000E4163 /* RijksEnvironment.swift */ = {isa = PBXFileReference; lastKnownFileType = sourcecode.swift; path = RijksEnvironment.swift; sourceTree = "<group>"; };
		CCB40B2A27DB46AE000E4163 /* RijksRoute.swift */ = {isa = PBXFileReference; lastKnownFileType = sourcecode.swift; path = RijksRoute.swift; sourceTree = "<group>"; };
		CCB40B2C27DB4AAF000E4163 /* RijksCollectionResponse.swift */ = {isa = PBXFileReference; lastKnownFileType = sourcecode.swift; path = RijksCollectionResponse.swift; sourceTree = "<group>"; };
		CCB40B2E27DB56AD000E4163 /* RijksDetailResponse.swift */ = {isa = PBXFileReference; lastKnownFileType = sourcecode.swift; path = RijksDetailResponse.swift; sourceTree = "<group>"; };
		CCB40B3027DB57F8000E4163 /* RijksImageResponse.swift */ = {isa = PBXFileReference; lastKnownFileType = sourcecode.swift; path = RijksImageResponse.swift; sourceTree = "<group>"; };
		CCB40B3227DB5968000E4163 /* RijksMakerResponse.swift */ = {isa = PBXFileReference; lastKnownFileType = sourcecode.swift; path = RijksMakerResponse.swift; sourceTree = "<group>"; };
		CCB40B3627DB5E04000E4163 /* RijksRepository.swift */ = {isa = PBXFileReference; lastKnownFileType = sourcecode.swift; path = RijksRepository.swift; sourceTree = "<group>"; };
		CCB40B3827DB6D63000E4163 /* RijksCollectionViewModel.swift */ = {isa = PBXFileReference; lastKnownFileType = sourcecode.swift; path = RijksCollectionViewModel.swift; sourceTree = "<group>"; };
		CCB40B3A27DB75D3000E4163 /* RijksCollectionViewController.swift */ = {isa = PBXFileReference; lastKnownFileType = sourcecode.swift; path = RijksCollectionViewController.swift; sourceTree = "<group>"; };
		CCB40B3D27DB8341000E4163 /* NetworkEnvironment.swift */ = {isa = PBXFileReference; lastKnownFileType = sourcecode.swift; path = NetworkEnvironment.swift; sourceTree = "<group>"; };
		CCB40B3F27DB8370000E4163 /* NetworkRoute.swift */ = {isa = PBXFileReference; lastKnownFileType = sourcecode.swift; path = NetworkRoute.swift; sourceTree = "<group>"; };
		CCB40B4127DB850E000E4163 /* NetworkError.swift */ = {isa = PBXFileReference; lastKnownFileType = sourcecode.swift; path = NetworkError.swift; sourceTree = "<group>"; };
		CCB40B4327DB873F000E4163 /* NetworkService.swift */ = {isa = PBXFileReference; lastKnownFileType = sourcecode.swift; path = NetworkService.swift; sourceTree = "<group>"; };
		CCD9B87D27DE0C38003CE021 /* RijksDetailArtObject.swift */ = {isa = PBXFileReference; lastKnownFileType = sourcecode.swift; path = RijksDetailArtObject.swift; sourceTree = "<group>"; };
		CCDE4C6727DA01B900D20F2D /* Rijks Demo.app */ = {isa = PBXFileReference; explicitFileType = wrapper.application; includeInIndex = 0; path = "Rijks Demo.app"; sourceTree = BUILT_PRODUCTS_DIR; };
		CCDE4C6A27DA01B900D20F2D /* AppDelegate.swift */ = {isa = PBXFileReference; lastKnownFileType = sourcecode.swift; path = AppDelegate.swift; sourceTree = "<group>"; };
		CCDE4C7327DA01BB00D20F2D /* Assets.xcassets */ = {isa = PBXFileReference; lastKnownFileType = folder.assetcatalog; path = Assets.xcassets; sourceTree = "<group>"; };
		CCDE4C7627DA01BB00D20F2D /* Base */ = {isa = PBXFileReference; lastKnownFileType = file.storyboard; name = Base; path = Base.lproj/LaunchScreen.storyboard; sourceTree = "<group>"; };
		CCDE4C7827DA01BB00D20F2D /* Info.plist */ = {isa = PBXFileReference; lastKnownFileType = text.plist.xml; path = Info.plist; sourceTree = "<group>"; };
		CCDE4C7D27DA01BB00D20F2D /* Rijks DemoTests.xctest */ = {isa = PBXFileReference; explicitFileType = wrapper.cfbundle; includeInIndex = 0; path = "Rijks DemoTests.xctest"; sourceTree = BUILT_PRODUCTS_DIR; };
		CCDE4C8127DA01BB00D20F2D /* Rijks_DemoTests.swift */ = {isa = PBXFileReference; lastKnownFileType = sourcecode.swift; path = Rijks_DemoTests.swift; sourceTree = "<group>"; };
		CCDE4C8727DA01BB00D20F2D /* Rijks DemoUITests.xctest */ = {isa = PBXFileReference; explicitFileType = wrapper.cfbundle; includeInIndex = 0; path = "Rijks DemoUITests.xctest"; sourceTree = BUILT_PRODUCTS_DIR; };
		CCDE4C8B27DA01BB00D20F2D /* Rijks_DemoUITests.swift */ = {isa = PBXFileReference; lastKnownFileType = sourcecode.swift; path = Rijks_DemoUITests.swift; sourceTree = "<group>"; };
		CCDE4C8D27DA01BB00D20F2D /* Rijks_DemoUITestsLaunchTests.swift */ = {isa = PBXFileReference; lastKnownFileType = sourcecode.swift; path = Rijks_DemoUITestsLaunchTests.swift; sourceTree = "<group>"; };
		CCDE4C9A27DA189C00D20F2D /* AppController.swift */ = {isa = PBXFileReference; lastKnownFileType = sourcecode.swift; path = AppController.swift; sourceTree = "<group>"; };
		E23FF1ED7BF11763008F8747 /* libPods-Rijks Demo-Rijks DemoUITests.a */ = {isa = PBXFileReference; explicitFileType = archive.ar; includeInIndex = 0; path = "libPods-Rijks Demo-Rijks DemoUITests.a"; sourceTree = BUILT_PRODUCTS_DIR; };
		F3015D1C76DB75303F76C76D /* Pods-Rijks Demo-Rijks DemoUITests.release.xcconfig */ = {isa = PBXFileReference; includeInIndex = 1; lastKnownFileType = text.xcconfig; name = "Pods-Rijks Demo-Rijks DemoUITests.release.xcconfig"; path = "Target Support Files/Pods-Rijks Demo-Rijks DemoUITests/Pods-Rijks Demo-Rijks DemoUITests.release.xcconfig"; sourceTree = "<group>"; };
/* End PBXFileReference section */

/* Begin PBXFrameworksBuildPhase section */
		CCDE4C6427DA01B900D20F2D /* Frameworks */ = {
			isa = PBXFrameworksBuildPhase;
			buildActionMask = 2147483647;
			files = (
				D7F9C2D30A2AE1592E93E5C6 /* libPods-Rijks Demo.a in Frameworks */,
			);
			runOnlyForDeploymentPostprocessing = 0;
		};
		CCDE4C7A27DA01BB00D20F2D /* Frameworks */ = {
			isa = PBXFrameworksBuildPhase;
			buildActionMask = 2147483647;
			files = (
				C0B8EACEF99812DFDF72F2A3 /* libPods-Rijks DemoTests.a in Frameworks */,
			);
			runOnlyForDeploymentPostprocessing = 0;
		};
		CCDE4C8427DA01BB00D20F2D /* Frameworks */ = {
			isa = PBXFrameworksBuildPhase;
			buildActionMask = 2147483647;
			files = (
				9924197135BF47BDD4CAF1A9 /* libPods-Rijks Demo-Rijks DemoUITests.a in Frameworks */,
			);
			runOnlyForDeploymentPostprocessing = 0;
		};
/* End PBXFrameworksBuildPhase section */

/* Begin PBXGroup section */
		23A35E8880A011EE5636C648 /* Frameworks */ = {
			isa = PBXGroup;
			children = (
				901A2A1968F7C59CA204B91A /* libPods-Rijks Demo.a */,
				E23FF1ED7BF11763008F8747 /* libPods-Rijks Demo-Rijks DemoUITests.a */,
				C3AFC7819E7A9E56D967DA52 /* libPods-Rijks DemoTests.a */,
			);
			name = Frameworks;
			sourceTree = "<group>";
		};
		CB642C1EF2B57B7A87FE5270 /* Pods */ = {
			isa = PBXGroup;
			children = (
				3C3846F34B989F072BF0872E /* Pods-Rijks Demo.debug.xcconfig */,
				5B7F182E309791294C6B82CA /* Pods-Rijks Demo.release.xcconfig */,
				A9442CEEABCF6D57CAEC7821 /* Pods-Rijks Demo-Rijks DemoUITests.debug.xcconfig */,
				F3015D1C76DB75303F76C76D /* Pods-Rijks Demo-Rijks DemoUITests.release.xcconfig */,
				2D89B055DA3EAA27DAE018D6 /* Pods-Rijks DemoTests.debug.xcconfig */,
				8A6868DE6489DD1C8DB18913 /* Pods-Rijks DemoTests.release.xcconfig */,
			);
			path = Pods;
			sourceTree = "<group>";
		};
		CC6427D727DCBD4D00EF9DD3 /* Views */ = {
			isa = PBXGroup;
			children = (
				CC6427DA27DCBD9600EF9DD3 /* RijksCollectionViewCell.swift */,
				CC64289C27DCE5A000EF9DD3 /* RijksCollectionReusableView.swift */,
			);
			path = Views;
			sourceTree = "<group>";
		};
		CC64283A27DCD6E200EF9DD3 /* Common */ = {
			isa = PBXGroup;
			children = (
				CC64283B27DCD6FC00EF9DD3 /* Extension */,
			);
			path = Common;
			sourceTree = "<group>";
		};
		CC64283B27DCD6FC00EF9DD3 /* Extension */ = {
			isa = PBXGroup;
			children = (
				CC64283C27DCD71200EF9DD3 /* UIImageView+ImageLoading.swift */,
			);
			path = Extension;
			sourceTree = "<group>";
		};
		CC9D3D9F27DA582300CBE45B /* Configuration */ = {
			isa = PBXGroup;
			children = (
				CCDE4C7827DA01BB00D20F2D /* Info.plist */,
			);
			path = Configuration;
			sourceTree = "<group>";
		};
		CC9D3DA027DA582300CBE45B /* Resources */ = {
			isa = PBXGroup;
			children = (
				CCDE4C7327DA01BB00D20F2D /* Assets.xcassets */,
			);
			path = Resources;
			sourceTree = "<group>";
		};
		CC9D3DA127DA582300CBE45B /* Source */ = {
			isa = PBXGroup;
			children = (
				CCDE4C6A27DA01B900D20F2D /* AppDelegate.swift */,
				CCDE4C9A27DA189C00D20F2D /* AppController.swift */,
				CC64283A27DCD6E200EF9DD3 /* Common */,
				CC9D3DA227DA582300CBE45B /* Network */,
				CC9D3DA327DA582300CBE45B /* Model */,
				CC9D3DA427DA582300CBE45B /* Scene */,
				CCB40B3427DB5DF6000E4163 /* Service */,
			);
			path = Source;
			sourceTree = "<group>";
		};
		CC9D3DA227DA582300CBE45B /* Network */ = {
			isa = PBXGroup;
			children = (
				CCB40B2527DB4392000E4163 /* Environment */,
				CCB40B3C27DB8329000E4163 /* NetworkManager */,
				CCB40B2327DB4392000E4163 /* Response */,
				CCB40B2227DB4392000E4163 /* Route */,
			);
			path = Network;
			sourceTree = "<group>";
		};
		CC9D3DA327DA582300CBE45B /* Model */ = {
			isa = PBXGroup;
			children = (
				CC64279727DCAFB700EF9DD3 /* RijksCollection.swift */,
				CC64279D27DCB11400EF9DD3 /* RijksCollectionArtObject.swift */,
				CCD9B87D27DE0C38003CE021 /* RijksDetailArtObject.swift */,
				CC64279927DCB09E00EF9DD3 /* RijksImage.swift */,
				CC64279B27DCB0B700EF9DD3 /* RijksMaker.swift */,
			);
			path = Model;
			sourceTree = "<group>";
		};
		CC9D3DA427DA582300CBE45B /* Scene */ = {
			isa = PBXGroup;
			children = (
				CC9D3DA527DA582300CBE45B /* Launch */,
				CC9D3DA627DA582300CBE45B /* Detail */,
				CC9D3DA727DA582300CBE45B /* Collection */,
			);
			path = Scene;
			sourceTree = "<group>";
		};
		CC9D3DA527DA582300CBE45B /* Launch */ = {
			isa = PBXGroup;
			children = (
				CCDE4C7527DA01BB00D20F2D /* LaunchScreen.storyboard */,
			);
			path = Launch;
			sourceTree = "<group>";
		};
		CC9D3DA627DA582300CBE45B /* Detail */ = {
			isa = PBXGroup;
			children = (
				CC6428CE27DD0E5D00EF9DD3 /* RijksDetailViewModel.swift */,
				CC6428D027DD0E7600EF9DD3 /* RijksDetailViewController.swift */,
			);
			path = Detail;
			sourceTree = "<group>";
		};
		CC9D3DA727DA582300CBE45B /* Collection */ = {
			isa = PBXGroup;
			children = (
				CC6427D727DCBD4D00EF9DD3 /* Views */,
				CCB40B3827DB6D63000E4163 /* RijksCollectionViewModel.swift */,
				CCB40B3A27DB75D3000E4163 /* RijksCollectionViewController.swift */,
				CC6427D327DCBA9A00EF9DD3 /* RijksCollectionViewLayout.swift */,
				CC64286C27DCE1B600EF9DD3 /* RijksCollectionViewAdapter.swift */,
				CC64289E27DCEB0300EF9DD3 /* RijksCollectionSection.swift */,
			);
			path = Collection;
			sourceTree = "<group>";
		};
		CCB40B2227DB4392000E4163 /* Route */ = {
			isa = PBXGroup;
			children = (
				CCB40B2A27DB46AE000E4163 /* RijksRoute.swift */,
			);
			path = Route;
			sourceTree = "<group>";
		};
		CCB40B2327DB4392000E4163 /* Response */ = {
			isa = PBXGroup;
			children = (
				CC6427A127DCB16300EF9DD3 /* RijksCollectionArtObjectResponse.swift */,
				CC7B844427DDFC1900054AEB /* RijksDetailArtObjectResponse.swift */,
				CCB40B2C27DB4AAF000E4163 /* RijksCollectionResponse.swift */,
				CCB40B2E27DB56AD000E4163 /* RijksDetailResponse.swift */,
				CCB40B3027DB57F8000E4163 /* RijksImageResponse.swift */,
				CC6427A327DCB17E00EF9DD3 /* RijksLinksResponse.swift */,
				CCB40B3227DB5968000E4163 /* RijksMakerResponse.swift */,
			);
			path = Response;
			sourceTree = "<group>";
		};
		CCB40B2527DB4392000E4163 /* Environment */ = {
			isa = PBXGroup;
			children = (
				CCB40B2627DB43BE000E4163 /* RijksEnvironment.swift */,
			);
			path = Environment;
			sourceTree = "<group>";
		};
		CCB40B3427DB5DF6000E4163 /* Service */ = {
			isa = PBXGroup;
			children = (
				CCB40B3527DB5DF6000E4163 /* Repository */,
			);
			path = Service;
			sourceTree = "<group>";
		};
		CCB40B3527DB5DF6000E4163 /* Repository */ = {
			isa = PBXGroup;
			children = (
				CCB40B3627DB5E04000E4163 /* RijksRepository.swift */,
			);
			path = Repository;
			sourceTree = "<group>";
		};
		CCB40B3C27DB8329000E4163 /* NetworkManager */ = {
			isa = PBXGroup;
			children = (
				CCB40B3D27DB8341000E4163 /* NetworkEnvironment.swift */,
				CCB40B3F27DB8370000E4163 /* NetworkRoute.swift */,
				CCB40B4127DB850E000E4163 /* NetworkError.swift */,
				CCB40B4327DB873F000E4163 /* NetworkService.swift */,
			);
			path = NetworkManager;
			sourceTree = "<group>";
		};
		CCDE4C5E27DA01B900D20F2D = {
			isa = PBXGroup;
			children = (
				CCDE4C6927DA01B900D20F2D /* Rijks Demo */,
				CCDE4C8027DA01BB00D20F2D /* Rijks DemoTests */,
				CCDE4C8A27DA01BB00D20F2D /* Rijks DemoUITests */,
				CCDE4C6827DA01B900D20F2D /* Products */,
				CB642C1EF2B57B7A87FE5270 /* Pods */,
				23A35E8880A011EE5636C648 /* Frameworks */,
			);
			sourceTree = "<group>";
		};
		CCDE4C6827DA01B900D20F2D /* Products */ = {
			isa = PBXGroup;
			children = (
				CCDE4C6727DA01B900D20F2D /* Rijks Demo.app */,
				CCDE4C7D27DA01BB00D20F2D /* Rijks DemoTests.xctest */,
				CCDE4C8727DA01BB00D20F2D /* Rijks DemoUITests.xctest */,
			);
			name = Products;
			sourceTree = "<group>";
		};
		CCDE4C6927DA01B900D20F2D /* Rijks Demo */ = {
			isa = PBXGroup;
			children = (
				CC9D3D9F27DA582300CBE45B /* Configuration */,
				CC9D3DA027DA582300CBE45B /* Resources */,
				CC9D3DA127DA582300CBE45B /* Source */,
			);
			path = "Rijks Demo";
			sourceTree = "<group>";
		};
		CCDE4C8027DA01BB00D20F2D /* Rijks DemoTests */ = {
			isa = PBXGroup;
			children = (
				CCDE4C8127DA01BB00D20F2D /* Rijks_DemoTests.swift */,
			);
			path = "Rijks DemoTests";
			sourceTree = "<group>";
		};
		CCDE4C8A27DA01BB00D20F2D /* Rijks DemoUITests */ = {
			isa = PBXGroup;
			children = (
				CCDE4C8B27DA01BB00D20F2D /* Rijks_DemoUITests.swift */,
				CCDE4C8D27DA01BB00D20F2D /* Rijks_DemoUITestsLaunchTests.swift */,
			);
			path = "Rijks DemoUITests";
			sourceTree = "<group>";
		};
/* End PBXGroup section */

/* Begin PBXNativeTarget section */
		CCDE4C6627DA01B900D20F2D /* Rijks Demo */ = {
			isa = PBXNativeTarget;
			buildConfigurationList = CCDE4C9127DA01BB00D20F2D /* Build configuration list for PBXNativeTarget "Rijks Demo" */;
			buildPhases = (
				E81ED99311CFD229E154B610 /* [CP] Check Pods Manifest.lock */,
				CCDE4C6327DA01B900D20F2D /* Sources */,
				CCDE4C6427DA01B900D20F2D /* Frameworks */,
				CCDE4C6527DA01B900D20F2D /* Resources */,
			);
			buildRules = (
			);
			dependencies = (
			);
			name = "Rijks Demo";
			productName = "Rijks Demo";
			productReference = CCDE4C6727DA01B900D20F2D /* Rijks Demo.app */;
			productType = "com.apple.product-type.application";
		};
		CCDE4C7C27DA01BB00D20F2D /* Rijks DemoTests */ = {
			isa = PBXNativeTarget;
			buildConfigurationList = CCDE4C9427DA01BB00D20F2D /* Build configuration list for PBXNativeTarget "Rijks DemoTests" */;
			buildPhases = (
				C970236A90397600AAE34E48 /* [CP] Check Pods Manifest.lock */,
				CCDE4C7927DA01BB00D20F2D /* Sources */,
				CCDE4C7A27DA01BB00D20F2D /* Frameworks */,
				CCDE4C7B27DA01BB00D20F2D /* Resources */,
			);
			buildRules = (
			);
			dependencies = (
				CCDE4C7F27DA01BB00D20F2D /* PBXTargetDependency */,
			);
			name = "Rijks DemoTests";
			productName = "Rijks DemoTests";
			productReference = CCDE4C7D27DA01BB00D20F2D /* Rijks DemoTests.xctest */;
			productType = "com.apple.product-type.bundle.unit-test";
		};
		CCDE4C8627DA01BB00D20F2D /* Rijks DemoUITests */ = {
			isa = PBXNativeTarget;
			buildConfigurationList = CCDE4C9727DA01BB00D20F2D /* Build configuration list for PBXNativeTarget "Rijks DemoUITests" */;
			buildPhases = (
				B5D29BC8422EEA071C3EE494 /* [CP] Check Pods Manifest.lock */,
				CCDE4C8327DA01BB00D20F2D /* Sources */,
				CCDE4C8427DA01BB00D20F2D /* Frameworks */,
				CCDE4C8527DA01BB00D20F2D /* Resources */,
			);
			buildRules = (
			);
			dependencies = (
				CCDE4C8927DA01BB00D20F2D /* PBXTargetDependency */,
			);
			name = "Rijks DemoUITests";
			productName = "Rijks DemoUITests";
			productReference = CCDE4C8727DA01BB00D20F2D /* Rijks DemoUITests.xctest */;
			productType = "com.apple.product-type.bundle.ui-testing";
		};
/* End PBXNativeTarget section */

/* Begin PBXProject section */
		CCDE4C5F27DA01B900D20F2D /* Project object */ = {
			isa = PBXProject;
			attributes = {
				BuildIndependentTargetsInParallel = 1;
				LastSwiftUpdateCheck = 1320;
				LastUpgradeCheck = 1320;
				TargetAttributes = {
					CCDE4C6627DA01B900D20F2D = {
						CreatedOnToolsVersion = 13.2.1;
					};
					CCDE4C7C27DA01BB00D20F2D = {
						CreatedOnToolsVersion = 13.2.1;
						TestTargetID = CCDE4C6627DA01B900D20F2D;
					};
					CCDE4C8627DA01BB00D20F2D = {
						CreatedOnToolsVersion = 13.2.1;
						TestTargetID = CCDE4C6627DA01B900D20F2D;
					};
				};
			};
			buildConfigurationList = CCDE4C6227DA01B900D20F2D /* Build configuration list for PBXProject "Rijks Demo" */;
			compatibilityVersion = "Xcode 13.0";
			developmentRegion = en;
			hasScannedForEncodings = 0;
			knownRegions = (
				en,
				Base,
			);
			mainGroup = CCDE4C5E27DA01B900D20F2D;
			productRefGroup = CCDE4C6827DA01B900D20F2D /* Products */;
			projectDirPath = "";
			projectRoot = "";
			targets = (
				CCDE4C6627DA01B900D20F2D /* Rijks Demo */,
				CCDE4C7C27DA01BB00D20F2D /* Rijks DemoTests */,
				CCDE4C8627DA01BB00D20F2D /* Rijks DemoUITests */,
			);
		};
/* End PBXProject section */

/* Begin PBXResourcesBuildPhase section */
		CCDE4C6527DA01B900D20F2D /* Resources */ = {
			isa = PBXResourcesBuildPhase;
			buildActionMask = 2147483647;
			files = (
				CCDE4C7727DA01BB00D20F2D /* LaunchScreen.storyboard in Resources */,
				CCDE4C7427DA01BB00D20F2D /* Assets.xcassets in Resources */,
			);
			runOnlyForDeploymentPostprocessing = 0;
		};
		CCDE4C7B27DA01BB00D20F2D /* Resources */ = {
			isa = PBXResourcesBuildPhase;
			buildActionMask = 2147483647;
			files = (
			);
			runOnlyForDeploymentPostprocessing = 0;
		};
		CCDE4C8527DA01BB00D20F2D /* Resources */ = {
			isa = PBXResourcesBuildPhase;
			buildActionMask = 2147483647;
			files = (
			);
			runOnlyForDeploymentPostprocessing = 0;
		};
/* End PBXResourcesBuildPhase section */

/* Begin PBXShellScriptBuildPhase section */
		B5D29BC8422EEA071C3EE494 /* [CP] Check Pods Manifest.lock */ = {
			isa = PBXShellScriptBuildPhase;
			buildActionMask = 2147483647;
			files = (
			);
			inputFileListPaths = (
			);
			inputPaths = (
				"${PODS_PODFILE_DIR_PATH}/Podfile.lock",
				"${PODS_ROOT}/Manifest.lock",
			);
			name = "[CP] Check Pods Manifest.lock";
			outputFileListPaths = (
			);
			outputPaths = (
				"$(DERIVED_FILE_DIR)/Pods-Rijks Demo-Rijks DemoUITests-checkManifestLockResult.txt",
			);
			runOnlyForDeploymentPostprocessing = 0;
			shellPath = /bin/sh;
			shellScript = "diff \"${PODS_PODFILE_DIR_PATH}/Podfile.lock\" \"${PODS_ROOT}/Manifest.lock\" > /dev/null\nif [ $? != 0 ] ; then\n    # print error to STDERR\n    echo \"error: The sandbox is not in sync with the Podfile.lock. Run 'pod install' or update your CocoaPods installation.\" >&2\n    exit 1\nfi\n# This output is used by Xcode 'outputs' to avoid re-running this script phase.\necho \"SUCCESS\" > \"${SCRIPT_OUTPUT_FILE_0}\"\n";
			showEnvVarsInLog = 0;
		};
		C970236A90397600AAE34E48 /* [CP] Check Pods Manifest.lock */ = {
			isa = PBXShellScriptBuildPhase;
			buildActionMask = 2147483647;
			files = (
			);
			inputFileListPaths = (
			);
			inputPaths = (
				"${PODS_PODFILE_DIR_PATH}/Podfile.lock",
				"${PODS_ROOT}/Manifest.lock",
			);
			name = "[CP] Check Pods Manifest.lock";
			outputFileListPaths = (
			);
			outputPaths = (
				"$(DERIVED_FILE_DIR)/Pods-Rijks DemoTests-checkManifestLockResult.txt",
			);
			runOnlyForDeploymentPostprocessing = 0;
			shellPath = /bin/sh;
			shellScript = "diff \"${PODS_PODFILE_DIR_PATH}/Podfile.lock\" \"${PODS_ROOT}/Manifest.lock\" > /dev/null\nif [ $? != 0 ] ; then\n    # print error to STDERR\n    echo \"error: The sandbox is not in sync with the Podfile.lock. Run 'pod install' or update your CocoaPods installation.\" >&2\n    exit 1\nfi\n# This output is used by Xcode 'outputs' to avoid re-running this script phase.\necho \"SUCCESS\" > \"${SCRIPT_OUTPUT_FILE_0}\"\n";
			showEnvVarsInLog = 0;
		};
		E81ED99311CFD229E154B610 /* [CP] Check Pods Manifest.lock */ = {
			isa = PBXShellScriptBuildPhase;
			buildActionMask = 2147483647;
			files = (
			);
			inputFileListPaths = (
			);
			inputPaths = (
				"${PODS_PODFILE_DIR_PATH}/Podfile.lock",
				"${PODS_ROOT}/Manifest.lock",
			);
			name = "[CP] Check Pods Manifest.lock";
			outputFileListPaths = (
			);
			outputPaths = (
				"$(DERIVED_FILE_DIR)/Pods-Rijks Demo-checkManifestLockResult.txt",
			);
			runOnlyForDeploymentPostprocessing = 0;
			shellPath = /bin/sh;
			shellScript = "diff \"${PODS_PODFILE_DIR_PATH}/Podfile.lock\" \"${PODS_ROOT}/Manifest.lock\" > /dev/null\nif [ $? != 0 ] ; then\n    # print error to STDERR\n    echo \"error: The sandbox is not in sync with the Podfile.lock. Run 'pod install' or update your CocoaPods installation.\" >&2\n    exit 1\nfi\n# This output is used by Xcode 'outputs' to avoid re-running this script phase.\necho \"SUCCESS\" > \"${SCRIPT_OUTPUT_FILE_0}\"\n";
			showEnvVarsInLog = 0;
		};
/* End PBXShellScriptBuildPhase section */

/* Begin PBXSourcesBuildPhase section */
		CCDE4C6327DA01B900D20F2D /* Sources */ = {
			isa = PBXSourcesBuildPhase;
			buildActionMask = 2147483647;
			files = (
				CC64279E27DCB11400EF9DD3 /* RijksCollectionArtObject.swift in Sources */,
				CCB40B3127DB57F8000E4163 /* RijksImageResponse.swift in Sources */,
				CC64283D27DCD71200EF9DD3 /* UIImageView+ImageLoading.swift in Sources */,
				CCB40B3927DB6D63000E4163 /* RijksCollectionViewModel.swift in Sources */,
				CCB40B3327DB5968000E4163 /* RijksMakerResponse.swift in Sources */,
				CCB40B2F27DB56AD000E4163 /* RijksDetailResponse.swift in Sources */,
				CC6427A427DCB17E00EF9DD3 /* RijksLinksResponse.swift in Sources */,
				CC64289D27DCE5A000EF9DD3 /* RijksCollectionReusableView.swift in Sources */,
				CCB40B4427DB873F000E4163 /* NetworkService.swift in Sources */,
				CCD9B87E27DE0C38003CE021 /* RijksDetailArtObject.swift in Sources */,
				CCB40B3727DB5E04000E4163 /* RijksRepository.swift in Sources */,
				CCB40B2B27DB46AE000E4163 /* RijksRoute.swift in Sources */,
				CC64286D27DCE1B600EF9DD3 /* RijksCollectionViewAdapter.swift in Sources */,
				CC6427D427DCBA9A00EF9DD3 /* RijksCollectionViewLayout.swift in Sources */,
				CC64279A27DCB09E00EF9DD3 /* RijksImage.swift in Sources */,
				CC64279C27DCB0B700EF9DD3 /* RijksMaker.swift in Sources */,
				CC6428CF27DD0E5D00EF9DD3 /* RijksDetailViewModel.swift in Sources */,
				CCB40B2727DB43BE000E4163 /* RijksEnvironment.swift in Sources */,
				CCB40B4027DB8370000E4163 /* NetworkRoute.swift in Sources */,
				CC64279827DCAFB700EF9DD3 /* RijksCollection.swift in Sources */,
				CCB40B4227DB850E000E4163 /* NetworkError.swift in Sources */,
				CC6427A227DCB16300EF9DD3 /* RijksCollectionArtObjectResponse.swift in Sources */,
				CC6427DB27DCBD9600EF9DD3 /* RijksCollectionViewCell.swift in Sources */,
				CCB40B2D27DB4AAF000E4163 /* RijksCollectionResponse.swift in Sources */,
				CCB40B3B27DB75D3000E4163 /* RijksCollectionViewController.swift in Sources */,
				CC64289F27DCEB0300EF9DD3 /* RijksCollectionSection.swift in Sources */,
				CC7B844527DDFC1900054AEB /* RijksDetailArtObjectResponse.swift in Sources */,
				CCDE4C6B27DA01B900D20F2D /* AppDelegate.swift in Sources */,
				CCDE4C9B27DA189C00D20F2D /* AppController.swift in Sources */,
				CC6428D127DD0E7600EF9DD3 /* RijksDetailViewController.swift in Sources */,
				CCB40B3E27DB8341000E4163 /* NetworkEnvironment.swift in Sources */,
			);
			runOnlyForDeploymentPostprocessing = 0;
		};
		CCDE4C7927DA01BB00D20F2D /* Sources */ = {
			isa = PBXSourcesBuildPhase;
			buildActionMask = 2147483647;
			files = (
				CCDE4C8227DA01BB00D20F2D /* Rijks_DemoTests.swift in Sources */,
			);
			runOnlyForDeploymentPostprocessing = 0;
		};
		CCDE4C8327DA01BB00D20F2D /* Sources */ = {
			isa = PBXSourcesBuildPhase;
			buildActionMask = 2147483647;
			files = (
				CCDE4C8C27DA01BB00D20F2D /* Rijks_DemoUITests.swift in Sources */,
				CCDE4C8E27DA01BB00D20F2D /* Rijks_DemoUITestsLaunchTests.swift in Sources */,
			);
			runOnlyForDeploymentPostprocessing = 0;
		};
/* End PBXSourcesBuildPhase section */

/* Begin PBXTargetDependency section */
		CCDE4C7F27DA01BB00D20F2D /* PBXTargetDependency */ = {
			isa = PBXTargetDependency;
			target = CCDE4C6627DA01B900D20F2D /* Rijks Demo */;
			targetProxy = CCDE4C7E27DA01BB00D20F2D /* PBXContainerItemProxy */;
		};
		CCDE4C8927DA01BB00D20F2D /* PBXTargetDependency */ = {
			isa = PBXTargetDependency;
			target = CCDE4C6627DA01B900D20F2D /* Rijks Demo */;
			targetProxy = CCDE4C8827DA01BB00D20F2D /* PBXContainerItemProxy */;
		};
/* End PBXTargetDependency section */

/* Begin PBXVariantGroup section */
		CCDE4C7527DA01BB00D20F2D /* LaunchScreen.storyboard */ = {
			isa = PBXVariantGroup;
			children = (
				CCDE4C7627DA01BB00D20F2D /* Base */,
			);
			name = LaunchScreen.storyboard;
			sourceTree = "<group>";
		};
/* End PBXVariantGroup section */

/* Begin XCBuildConfiguration section */
		CCDE4C8F27DA01BB00D20F2D /* Debug */ = {
			isa = XCBuildConfiguration;
			buildSettings = {
				ALWAYS_SEARCH_USER_PATHS = NO;
				CLANG_ANALYZER_NONNULL = YES;
				CLANG_ANALYZER_NUMBER_OBJECT_CONVERSION = YES_AGGRESSIVE;
				CLANG_CXX_LANGUAGE_STANDARD = "gnu++17";
				CLANG_CXX_LIBRARY = "libc++";
				CLANG_ENABLE_MODULES = YES;
				CLANG_ENABLE_OBJC_ARC = YES;
				CLANG_ENABLE_OBJC_WEAK = YES;
				CLANG_WARN_BLOCK_CAPTURE_AUTORELEASING = YES;
				CLANG_WARN_BOOL_CONVERSION = YES;
				CLANG_WARN_COMMA = YES;
				CLANG_WARN_CONSTANT_CONVERSION = YES;
				CLANG_WARN_DEPRECATED_OBJC_IMPLEMENTATIONS = YES;
				CLANG_WARN_DIRECT_OBJC_ISA_USAGE = YES_ERROR;
				CLANG_WARN_DOCUMENTATION_COMMENTS = YES;
				CLANG_WARN_EMPTY_BODY = YES;
				CLANG_WARN_ENUM_CONVERSION = YES;
				CLANG_WARN_INFINITE_RECURSION = YES;
				CLANG_WARN_INT_CONVERSION = YES;
				CLANG_WARN_NON_LITERAL_NULL_CONVERSION = YES;
				CLANG_WARN_OBJC_IMPLICIT_RETAIN_SELF = YES;
				CLANG_WARN_OBJC_LITERAL_CONVERSION = YES;
				CLANG_WARN_OBJC_ROOT_CLASS = YES_ERROR;
				CLANG_WARN_QUOTED_INCLUDE_IN_FRAMEWORK_HEADER = YES;
				CLANG_WARN_RANGE_LOOP_ANALYSIS = YES;
				CLANG_WARN_STRICT_PROTOTYPES = YES;
				CLANG_WARN_SUSPICIOUS_MOVE = YES;
				CLANG_WARN_UNGUARDED_AVAILABILITY = YES_AGGRESSIVE;
				CLANG_WARN_UNREACHABLE_CODE = YES;
				CLANG_WARN__DUPLICATE_METHOD_MATCH = YES;
				COPY_PHASE_STRIP = NO;
				DEBUG_INFORMATION_FORMAT = dwarf;
				ENABLE_STRICT_OBJC_MSGSEND = YES;
				ENABLE_TESTABILITY = YES;
				GCC_C_LANGUAGE_STANDARD = gnu11;
				GCC_DYNAMIC_NO_PIC = NO;
				GCC_NO_COMMON_BLOCKS = YES;
				GCC_OPTIMIZATION_LEVEL = 0;
				GCC_PREPROCESSOR_DEFINITIONS = (
					"DEBUG=1",
					"$(inherited)",
				);
				GCC_WARN_64_TO_32_BIT_CONVERSION = YES;
				GCC_WARN_ABOUT_RETURN_TYPE = YES_ERROR;
				GCC_WARN_UNDECLARED_SELECTOR = YES;
				GCC_WARN_UNINITIALIZED_AUTOS = YES_AGGRESSIVE;
				GCC_WARN_UNUSED_FUNCTION = YES;
				GCC_WARN_UNUSED_VARIABLE = YES;
				IPHONEOS_DEPLOYMENT_TARGET = 15.2;
				MTL_ENABLE_DEBUG_INFO = INCLUDE_SOURCE;
				MTL_FAST_MATH = YES;
				ONLY_ACTIVE_ARCH = YES;
				SDKROOT = iphoneos;
				SWIFT_ACTIVE_COMPILATION_CONDITIONS = DEBUG;
				SWIFT_OPTIMIZATION_LEVEL = "-Onone";
			};
			name = Debug;
		};
		CCDE4C9027DA01BB00D20F2D /* Release */ = {
			isa = XCBuildConfiguration;
			buildSettings = {
				ALWAYS_SEARCH_USER_PATHS = NO;
				CLANG_ANALYZER_NONNULL = YES;
				CLANG_ANALYZER_NUMBER_OBJECT_CONVERSION = YES_AGGRESSIVE;
				CLANG_CXX_LANGUAGE_STANDARD = "gnu++17";
				CLANG_CXX_LIBRARY = "libc++";
				CLANG_ENABLE_MODULES = YES;
				CLANG_ENABLE_OBJC_ARC = YES;
				CLANG_ENABLE_OBJC_WEAK = YES;
				CLANG_WARN_BLOCK_CAPTURE_AUTORELEASING = YES;
				CLANG_WARN_BOOL_CONVERSION = YES;
				CLANG_WARN_COMMA = YES;
				CLANG_WARN_CONSTANT_CONVERSION = YES;
				CLANG_WARN_DEPRECATED_OBJC_IMPLEMENTATIONS = YES;
				CLANG_WARN_DIRECT_OBJC_ISA_USAGE = YES_ERROR;
				CLANG_WARN_DOCUMENTATION_COMMENTS = YES;
				CLANG_WARN_EMPTY_BODY = YES;
				CLANG_WARN_ENUM_CONVERSION = YES;
				CLANG_WARN_INFINITE_RECURSION = YES;
				CLANG_WARN_INT_CONVERSION = YES;
				CLANG_WARN_NON_LITERAL_NULL_CONVERSION = YES;
				CLANG_WARN_OBJC_IMPLICIT_RETAIN_SELF = YES;
				CLANG_WARN_OBJC_LITERAL_CONVERSION = YES;
				CLANG_WARN_OBJC_ROOT_CLASS = YES_ERROR;
				CLANG_WARN_QUOTED_INCLUDE_IN_FRAMEWORK_HEADER = YES;
				CLANG_WARN_RANGE_LOOP_ANALYSIS = YES;
				CLANG_WARN_STRICT_PROTOTYPES = YES;
				CLANG_WARN_SUSPICIOUS_MOVE = YES;
				CLANG_WARN_UNGUARDED_AVAILABILITY = YES_AGGRESSIVE;
				CLANG_WARN_UNREACHABLE_CODE = YES;
				CLANG_WARN__DUPLICATE_METHOD_MATCH = YES;
				COPY_PHASE_STRIP = NO;
				DEBUG_INFORMATION_FORMAT = "dwarf-with-dsym";
				ENABLE_NS_ASSERTIONS = NO;
				ENABLE_STRICT_OBJC_MSGSEND = YES;
				GCC_C_LANGUAGE_STANDARD = gnu11;
				GCC_NO_COMMON_BLOCKS = YES;
				GCC_WARN_64_TO_32_BIT_CONVERSION = YES;
				GCC_WARN_ABOUT_RETURN_TYPE = YES_ERROR;
				GCC_WARN_UNDECLARED_SELECTOR = YES;
				GCC_WARN_UNINITIALIZED_AUTOS = YES_AGGRESSIVE;
				GCC_WARN_UNUSED_FUNCTION = YES;
				GCC_WARN_UNUSED_VARIABLE = YES;
				IPHONEOS_DEPLOYMENT_TARGET = 15.2;
				MTL_ENABLE_DEBUG_INFO = NO;
				MTL_FAST_MATH = YES;
				SDKROOT = iphoneos;
				SWIFT_COMPILATION_MODE = wholemodule;
				SWIFT_OPTIMIZATION_LEVEL = "-O";
				VALIDATE_PRODUCT = YES;
			};
			name = Release;
		};
		CCDE4C9227DA01BB00D20F2D /* Debug */ = {
			isa = XCBuildConfiguration;
			baseConfigurationReference = 3C3846F34B989F072BF0872E /* Pods-Rijks Demo.debug.xcconfig */;
			buildSettings = {
				ASSETCATALOG_COMPILER_APPICON_NAME = AppIcon;
				ASSETCATALOG_COMPILER_GLOBAL_ACCENT_COLOR_NAME = AccentColor;
				CODE_SIGN_STYLE = Automatic;
				CURRENT_PROJECT_VERSION = 1;
				DEVELOPMENT_TEAM = EXEUSZ2G5F;
				GENERATE_INFOPLIST_FILE = YES;
				INFOPLIST_FILE = "Rijks Demo/Configuration/Info.plist";
				INFOPLIST_KEY_UIApplicationSupportsIndirectInputEvents = YES;
				INFOPLIST_KEY_UILaunchStoryboardName = LaunchScreen;
				INFOPLIST_KEY_UISupportedInterfaceOrientations_iPad = "UIInterfaceOrientationPortrait UIInterfaceOrientationPortraitUpsideDown UIInterfaceOrientationLandscapeLeft UIInterfaceOrientationLandscapeRight";
				INFOPLIST_KEY_UISupportedInterfaceOrientations_iPhone = "UIInterfaceOrientationPortrait UIInterfaceOrientationLandscapeLeft UIInterfaceOrientationLandscapeRight";
				LD_RUNPATH_SEARCH_PATHS = (
					"$(inherited)",
					"@executable_path/Frameworks",
				);
				MARKETING_VERSION = 1.0;
				PRODUCT_BUNDLE_IDENTIFIER = "com.bart.rijksmuseum.Rijks-Demo";
				PRODUCT_NAME = "$(TARGET_NAME)";
				SWIFT_EMIT_LOC_STRINGS = YES;
				SWIFT_VERSION = 5.0;
				TARGETED_DEVICE_FAMILY = "1,2";
			};
			name = Debug;
		};
		CCDE4C9327DA01BB00D20F2D /* Release */ = {
			isa = XCBuildConfiguration;
			baseConfigurationReference = 5B7F182E309791294C6B82CA /* Pods-Rijks Demo.release.xcconfig */;
			buildSettings = {
				ASSETCATALOG_COMPILER_APPICON_NAME = AppIcon;
				ASSETCATALOG_COMPILER_GLOBAL_ACCENT_COLOR_NAME = AccentColor;
				CODE_SIGN_STYLE = Automatic;
				CURRENT_PROJECT_VERSION = 1;
				DEVELOPMENT_TEAM = EXEUSZ2G5F;
				GENERATE_INFOPLIST_FILE = YES;
				INFOPLIST_FILE = "Rijks Demo/Configuration/Info.plist";
				INFOPLIST_KEY_UIApplicationSupportsIndirectInputEvents = YES;
				INFOPLIST_KEY_UILaunchStoryboardName = LaunchScreen;
				INFOPLIST_KEY_UISupportedInterfaceOrientations_iPad = "UIInterfaceOrientationPortrait UIInterfaceOrientationPortraitUpsideDown UIInterfaceOrientationLandscapeLeft UIInterfaceOrientationLandscapeRight";
				INFOPLIST_KEY_UISupportedInterfaceOrientations_iPhone = "UIInterfaceOrientationPortrait UIInterfaceOrientationLandscapeLeft UIInterfaceOrientationLandscapeRight";
				LD_RUNPATH_SEARCH_PATHS = (
					"$(inherited)",
					"@executable_path/Frameworks",
				);
				MARKETING_VERSION = 1.0;
				PRODUCT_BUNDLE_IDENTIFIER = "com.bart.rijksmuseum.Rijks-Demo";
				PRODUCT_NAME = "$(TARGET_NAME)";
				SWIFT_EMIT_LOC_STRINGS = YES;
				SWIFT_VERSION = 5.0;
				TARGETED_DEVICE_FAMILY = "1,2";
			};
			name = Release;
		};
		CCDE4C9527DA01BB00D20F2D /* Debug */ = {
			isa = XCBuildConfiguration;
			baseConfigurationReference = 2D89B055DA3EAA27DAE018D6 /* Pods-Rijks DemoTests.debug.xcconfig */;
			buildSettings = {
				ALWAYS_EMBED_SWIFT_STANDARD_LIBRARIES = YES;
				BUNDLE_LOADER = "$(TEST_HOST)";
				CODE_SIGN_STYLE = Automatic;
				CURRENT_PROJECT_VERSION = 1;
				DEVELOPMENT_TEAM = EXEUSZ2G5F;
				GENERATE_INFOPLIST_FILE = YES;
				IPHONEOS_DEPLOYMENT_TARGET = 15.2;
				MARKETING_VERSION = 1.0;
				PRODUCT_BUNDLE_IDENTIFIER = "com.bart.rijksmuseum.Rijks-DemoTests";
				PRODUCT_NAME = "$(TARGET_NAME)";
				SWIFT_EMIT_LOC_STRINGS = NO;
				SWIFT_VERSION = 5.0;
				TARGETED_DEVICE_FAMILY = "1,2";
				TEST_HOST = "$(BUILT_PRODUCTS_DIR)/Rijks Demo.app/Rijks Demo";
			};
			name = Debug;
		};
		CCDE4C9627DA01BB00D20F2D /* Release */ = {
			isa = XCBuildConfiguration;
			baseConfigurationReference = 8A6868DE6489DD1C8DB18913 /* Pods-Rijks DemoTests.release.xcconfig */;
			buildSettings = {
				ALWAYS_EMBED_SWIFT_STANDARD_LIBRARIES = YES;
				BUNDLE_LOADER = "$(TEST_HOST)";
				CODE_SIGN_STYLE = Automatic;
				CURRENT_PROJECT_VERSION = 1;
				DEVELOPMENT_TEAM = EXEUSZ2G5F;
				GENERATE_INFOPLIST_FILE = YES;
				IPHONEOS_DEPLOYMENT_TARGET = 15.2;
				MARKETING_VERSION = 1.0;
				PRODUCT_BUNDLE_IDENTIFIER = "com.bart.rijksmuseum.Rijks-DemoTests";
				PRODUCT_NAME = "$(TARGET_NAME)";
				SWIFT_EMIT_LOC_STRINGS = NO;
				SWIFT_VERSION = 5.0;
				TARGETED_DEVICE_FAMILY = "1,2";
				TEST_HOST = "$(BUILT_PRODUCTS_DIR)/Rijks Demo.app/Rijks Demo";
			};
			name = Release;
		};
		CCDE4C9827DA01BB00D20F2D /* Debug */ = {
			isa = XCBuildConfiguration;
			baseConfigurationReference = A9442CEEABCF6D57CAEC7821 /* Pods-Rijks Demo-Rijks DemoUITests.debug.xcconfig */;
			buildSettings = {
				ALWAYS_EMBED_SWIFT_STANDARD_LIBRARIES = YES;
				CODE_SIGN_STYLE = Automatic;
				CURRENT_PROJECT_VERSION = 1;
				DEVELOPMENT_TEAM = EXEUSZ2G5F;
				GENERATE_INFOPLIST_FILE = YES;
				MARKETING_VERSION = 1.0;
				PRODUCT_BUNDLE_IDENTIFIER = "com.bart.rijksmuseum.Rijks-DemoUITests";
				PRODUCT_NAME = "$(TARGET_NAME)";
				SWIFT_EMIT_LOC_STRINGS = NO;
				SWIFT_VERSION = 5.0;
				TARGETED_DEVICE_FAMILY = "1,2";
				TEST_TARGET_NAME = "Rijks Demo";
			};
			name = Debug;
		};
		CCDE4C9927DA01BB00D20F2D /* Release */ = {
			isa = XCBuildConfiguration;
			baseConfigurationReference = F3015D1C76DB75303F76C76D /* Pods-Rijks Demo-Rijks DemoUITests.release.xcconfig */;
			buildSettings = {
				ALWAYS_EMBED_SWIFT_STANDARD_LIBRARIES = YES;
				CODE_SIGN_STYLE = Automatic;
				CURRENT_PROJECT_VERSION = 1;
				DEVELOPMENT_TEAM = EXEUSZ2G5F;
				GENERATE_INFOPLIST_FILE = YES;
				MARKETING_VERSION = 1.0;
				PRODUCT_BUNDLE_IDENTIFIER = "com.bart.rijksmuseum.Rijks-DemoUITests";
				PRODUCT_NAME = "$(TARGET_NAME)";
				SWIFT_EMIT_LOC_STRINGS = NO;
				SWIFT_VERSION = 5.0;
				TARGETED_DEVICE_FAMILY = "1,2";
				TEST_TARGET_NAME = "Rijks Demo";
			};
			name = Release;
		};
/* End XCBuildConfiguration section */

/* Begin XCConfigurationList section */
		CCDE4C6227DA01B900D20F2D /* Build configuration list for PBXProject "Rijks Demo" */ = {
			isa = XCConfigurationList;
			buildConfigurations = (
				CCDE4C8F27DA01BB00D20F2D /* Debug */,
				CCDE4C9027DA01BB00D20F2D /* Release */,
			);
			defaultConfigurationIsVisible = 0;
			defaultConfigurationName = Release;
		};
		CCDE4C9127DA01BB00D20F2D /* Build configuration list for PBXNativeTarget "Rijks Demo" */ = {
			isa = XCConfigurationList;
			buildConfigurations = (
				CCDE4C9227DA01BB00D20F2D /* Debug */,
				CCDE4C9327DA01BB00D20F2D /* Release */,
			);
			defaultConfigurationIsVisible = 0;
			defaultConfigurationName = Release;
		};
		CCDE4C9427DA01BB00D20F2D /* Build configuration list for PBXNativeTarget "Rijks DemoTests" */ = {
			isa = XCConfigurationList;
			buildConfigurations = (
				CCDE4C9527DA01BB00D20F2D /* Debug */,
				CCDE4C9627DA01BB00D20F2D /* Release */,
			);
			defaultConfigurationIsVisible = 0;
			defaultConfigurationName = Release;
		};
		CCDE4C9727DA01BB00D20F2D /* Build configuration list for PBXNativeTarget "Rijks DemoUITests" */ = {
			isa = XCConfigurationList;
			buildConfigurations = (
				CCDE4C9827DA01BB00D20F2D /* Debug */,
				CCDE4C9927DA01BB00D20F2D /* Release */,
			);
			defaultConfigurationIsVisible = 0;
			defaultConfigurationName = Release;
		};
/* End XCConfigurationList section */
	};
	rootObject = CCDE4C5F27DA01B900D20F2D /* Project object */;
}
